
Microsoft Visual Studio Solution File, Format Version 12.00
# Visual Studio Version 17
VisualStudioVersion = 17.0.32112.339
MinimumVisualStudioVersion = 10.0.40219.1
Project("{FAE04EC0-301F-11D3-BF4B-00C04F79EFBC}") = "Aula11Arrays", "CSharpCollections\Aula11Arrays.csproj", "{9429FA82-3805-47EC-8DC8-5CEEE0E53FDF}"
EndProject
Project("{2150E333-8FDC-42A3-9474-1A3956D46DE8}") = "Aula1", "Aula1", "{722DE62C-1CFA-452D-A854-F12D7B28F479}"
EndProject
Project("{2150E333-8FDC-42A3-9474-1A3956D46DE8}") = "Aula2", "Aula2", "{948E353D-B09F-4AC4-827E-20F49CEAB840}"
EndProject
Project("{FAE04EC0-301F-11D3-BF4B-00C04F79EFBC}") = "A12Listas", "Aula12Listas\A12Listas.csproj", "{CD557407-8F13-4E9A-A9CE-1834CEE03939}"
EndProject
Project("{2150E333-8FDC-42A3-9474-1A3956D46DE8}") = "Aula3", "Aula3", "{BC365159-1E8C-4345-9BB6-66B385C3217A}"
EndProject
Project("{FAE04EC0-301F-11D3-BF4B-00C04F79EFBC}") = "A23ListasDeObjetos", "A23 ListasDeObjetos\A23ListasDeObjetos.csproj", "{541E9DE9-7347-4240-910F-42BB0746890B}"
EndProject
Project("{FAE04EC0-301F-11D3-BF4B-00C04F79EFBC}") = "A24ListaSomenteLeitura", "A24ListaSomenteLeitura\A24ListaSomenteLeitura.csproj", "{A8F51B71-6EF9-4594-A92F-0616EFCD6DA8}"
EndProject
Project("{FAE04EC0-301F-11D3-BF4B-00C04F79EFBC}") = "A25OrdenandoESomando", "A25OrdenandoESomando\A25OrdenandoESomando.csproj", "{D7DEE2EE-BC13-4260-84AB-094F9586B998}"
EndProject
Project("{FAE04EC0-301F-11D3-BF4B-00C04F79EFBC}") = "A31OPoderDosSets", "A31OPoderDosSets\A31OPoderDosSets.csproj", "{BE9C2281-4E97-4CC9-B42B-11F92D9EC22D}"
EndProject
Project("{FAE04EC0-301F-11D3-BF4B-00C04F79EFBC}") = "A32SetNoModelo", "A32SetNoModelo\A32SetNoModelo.csproj", "{74BF8B1F-9ED3-48BD-8A9F-944261141BED}"
EndProject
Project("{2150E333-8FDC-42A3-9474-1A3956D46DE8}") = "Aula4", "Aula4", "{BC6E2F8D-FE99-4192-9161-E78421D023F7}"
EndProject
Project("{FAE04EC0-301F-11D3-BF4B-00C04F79EFBC}") = "A41Dicionarios", "A41Dicionarios\A41Dicionarios.csproj", "{38AD5A58-8FF8-4BDC-88C3-073F99428796}"
EndProject
Project("{2150E333-8FDC-42A3-9474-1A3956D46DE8}") = "Aula5", "Aula5", "{0AE388CE-E266-419E-8080-44C76A7DDEC3}"
EndProject
Project("{FAE04EC0-301F-11D3-BF4B-00C04F79EFBC}") = "A51LinkedList", "A51LinkedList\A51LinkedList.csproj", "{2E7F6DC1-247D-4C45-AC52-C6C3E7754F9C}"
EndProject
Project("{FAE04EC0-301F-11D3-BF4B-00C04F79EFBC}") = "A52Stack", "A52Stack\A52Stack.csproj", "{5D54C012-6124-4111-9700-3A828C8D7FE1}"
EndProject
Project("{FAE04EC0-301F-11D3-BF4B-00C04F79EFBC}") = "A53Queue", "A53Queue\A53Queue.csproj", "{AB44E8C0-420F-4F53-8CE0-62E17559CD32}"
EndProject
Global
	GlobalSection(SolutionConfigurationPlatforms) = preSolution
		Debug|Any CPU = Debug|Any CPU
		Release|Any CPU = Release|Any CPU
	EndGlobalSection
	GlobalSection(ProjectConfigurationPlatforms) = postSolution
		{9429FA82-3805-47EC-8DC8-5CEEE0E53FDF}.Debug|Any CPU.ActiveCfg = Debug|Any CPU
		{9429FA82-3805-47EC-8DC8-5CEEE0E53FDF}.Debug|Any CPU.Build.0 = Debug|Any CPU
		{9429FA82-3805-47EC-8DC8-5CEEE0E53FDF}.Release|Any CPU.ActiveCfg = Release|Any CPU
		{9429FA82-3805-47EC-8DC8-5CEEE0E53FDF}.Release|Any CPU.Build.0 = Release|Any CPU
		{CD557407-8F13-4E9A-A9CE-1834CEE03939}.Debug|Any CPU.ActiveCfg = Debug|Any CPU
		{CD557407-8F13-4E9A-A9CE-1834CEE03939}.Debug|Any CPU.Build.0 = Debug|Any CPU
		{CD557407-8F13-4E9A-A9CE-1834CEE03939}.Release|Any CPU.ActiveCfg = Release|Any CPU
		{CD557407-8F13-4E9A-A9CE-1834CEE03939}.Release|Any CPU.Build.0 = Release|Any CPU
		{541E9DE9-7347-4240-910F-42BB0746890B}.Debug|Any CPU.ActiveCfg = Debug|Any CPU
		{541E9DE9-7347-4240-910F-42BB0746890B}.Debug|Any CPU.Build.0 = Debug|Any CPU
		{541E9DE9-7347-4240-910F-42BB0746890B}.Release|Any CPU.ActiveCfg = Release|Any CPU
		{541E9DE9-7347-4240-910F-42BB0746890B}.Release|Any CPU.Build.0 = Release|Any CPU
		{A8F51B71-6EF9-4594-A92F-0616EFCD6DA8}.Debug|Any CPU.ActiveCfg = Debug|Any CPU
		{A8F51B71-6EF9-4594-A92F-0616EFCD6DA8}.Debug|Any CPU.Build.0 = Debug|Any CPU
		{A8F51B71-6EF9-4594-A92F-0616EFCD6DA8}.Release|Any CPU.ActiveCfg = Release|Any CPU
		{A8F51B71-6EF9-4594-A92F-0616EFCD6DA8}.Release|Any CPU.Build.0 = Release|Any CPU
		{D7DEE2EE-BC13-4260-84AB-094F9586B998}.Debug|Any CPU.ActiveCfg = Debug|Any CPU
		{D7DEE2EE-BC13-4260-84AB-094F9586B998}.Debug|Any CPU.Build.0 = Debug|Any CPU
		{D7DEE2EE-BC13-4260-84AB-094F9586B998}.Release|Any CPU.ActiveCfg = Release|Any CPU
		{D7DEE2EE-BC13-4260-84AB-094F9586B998}.Release|Any CPU.Build.0 = Release|Any CPU
		{BE9C2281-4E97-4CC9-B42B-11F92D9EC22D}.Debug|Any CPU.ActiveCfg = Debug|Any CPU
		{BE9C2281-4E97-4CC9-B42B-11F92D9EC22D}.Debug|Any CPU.Build.0 = Debug|Any CPU
		{BE9C2281-4E97-4CC9-B42B-11F92D9EC22D}.Release|Any CPU.ActiveCfg = Release|Any CPU
		{BE9C2281-4E97-4CC9-B42B-11F92D9EC22D}.Release|Any CPU.Build.0 = Release|Any CPU
		{74BF8B1F-9ED3-48BD-8A9F-944261141BED}.Debug|Any CPU.ActiveCfg = Debug|Any CPU
		{74BF8B1F-9ED3-48BD-8A9F-944261141BED}.Debug|Any CPU.Build.0 = Debug|Any CPU
		{74BF8B1F-9ED3-48BD-8A9F-944261141BED}.Release|Any CPU.ActiveCfg = Release|Any CPU
		{74BF8B1F-9ED3-48BD-8A9F-944261141BED}.Release|Any CPU.Build.0 = Release|Any CPU
		{38AD5A58-8FF8-4BDC-88C3-073F99428796}.Debug|Any CPU.ActiveCfg = Debug|Any CPU
		{38AD5A58-8FF8-4BDC-88C3-073F99428796}.Debug|Any CPU.Build.0 = Debug|Any CPU
		{38AD5A58-8FF8-4BDC-88C3-073F99428796}.Release|Any CPU.ActiveCfg = Release|Any CPU
		{38AD5A58-8FF8-4BDC-88C3-073F99428796}.Release|Any CPU.Build.0 = Release|Any CPU
		{2E7F6DC1-247D-4C45-AC52-C6C3E7754F9C}.Debug|Any CPU.ActiveCfg = Debug|Any CPU
		{2E7F6DC1-247D-4C45-AC52-C6C3E7754F9C}.Debug|Any CPU.Build.0 = Debug|Any CPU
		{2E7F6DC1-247D-4C45-AC52-C6C3E7754F9C}.Release|Any CPU.ActiveCfg = Release|Any CPU
		{2E7F6DC1-247D-4C45-AC52-C6C3E7754F9C}.Release|Any CPU.Build.0 = Release|Any CPU
		{5D54C012-6124-4111-9700-3A828C8D7FE1}.Debug|Any CPU.ActiveCfg = Debug|Any CPU
		{5D54C012-6124-4111-9700-3A828C8D7FE1}.Debug|Any CPU.Build.0 = Debug|Any CPU
		{5D54C012-6124-4111-9700-3A828C8D7FE1}.Release|Any CPU.ActiveCfg = Release|Any CPU
		{5D54C012-6124-4111-9700-3A828C8D7FE1}.Release|Any CPU.Build.0 = Release|Any CPU
		{AB44E8C0-420F-4F53-8CE0-62E17559CD32}.Debug|Any CPU.ActiveCfg = Debug|Any CPU
		{AB44E8C0-420F-4F53-8CE0-62E17559CD32}.Debug|Any CPU.Build.0 = Debug|Any CPU
		{AB44E8C0-420F-4F53-8CE0-62E17559CD32}.Release|Any CPU.ActiveCfg = Release|Any CPU
		{AB44E8C0-420F-4F53-8CE0-62E17559CD32}.Release|Any CPU.Build.0 = Release|Any CPU
	EndGlobalSection
	GlobalSection(SolutionProperties) = preSolution
		HideSolutionNode = FALSE
	EndGlobalSection
	GlobalSection(NestedProjects) = preSolution
		{9429FA82-3805-47EC-8DC8-5CEEE0E53FDF} = {722DE62C-1CFA-452D-A854-F12D7B28F479}
		{CD557407-8F13-4E9A-A9CE-1834CEE03939} = {948E353D-B09F-4AC4-827E-20F49CEAB840}
		{541E9DE9-7347-4240-910F-42BB0746890B} = {948E353D-B09F-4AC4-827E-20F49CEAB840}
		{A8F51B71-6EF9-4594-A92F-0616EFCD6DA8} = {948E353D-B09F-4AC4-827E-20F49CEAB840}
		{D7DEE2EE-BC13-4260-84AB-094F9586B998} = {948E353D-B09F-4AC4-827E-20F49CEAB840}
		{BE9C2281-4E97-4CC9-B42B-11F92D9EC22D} = {BC365159-1E8C-4345-9BB6-66B385C3217A}
		{74BF8B1F-9ED3-48BD-8A9F-944261141BED} = {BC365159-1E8C-4345-9BB6-66B385C3217A}
		{38AD5A58-8FF8-4BDC-88C3-073F99428796} = {BC6E2F8D-FE99-4192-9161-E78421D023F7}
		{2E7F6DC1-247D-4C45-AC52-C6C3E7754F9C} = {0AE388CE-E266-419E-8080-44C76A7DDEC3}
		{5D54C012-6124-4111-9700-3A828C8D7FE1} = {0AE388CE-E266-419E-8080-44C76A7DDEC3}
		{AB44E8C0-420F-4F53-8CE0-62E17559CD32} = {0AE388CE-E266-419E-8080-44C76A7DDEC3}
	EndGlobalSection
	GlobalSection(ExtensibilityGlobals) = postSolution
		SolutionGuid = {035D9EAD-AB51-4814-A79B-C9763F1E1938}
	EndGlobalSection
EndGlobal
